{
  "name": "aman-lajpal",
  "version": "1.0.1",
  "lockfileVersion": 3,
  "requires": true,
  "packages": {
    "": {
      "name": "aman-lajpal",
      "version": "1.0.1",
      "license": "MIT",
      "dependencies": {
        "aman-lajpal": "^1.0.0"
      },
      "bin": {
        "aman-lajpal": "index.js"
      }
    },
    "node_modules/aman-lajpal": {
      "version": "1.0.0",
      "resolved": "https://registry.npmjs.org/aman-lajpal/-/aman-lajpal-1.0.0.tgz",
      "integrity": "sha512-NH0MK768zqg/B5VS8hOO6tDpRij72H9OxnBgJ5BpLdcCNG4xWZzZ+eRJdUcaqbt7F+wy9892EEJkM0BU5guJYQ==",
      "license": "MIT",
      "bin": {
        "aman-lajpal": "index.js"
      }
    }
  }
}
